schema: '2.0'
stages:
  data_ingestion:
    cmd: python src/data/data_ingestion.py
    deps:
    - path: src/data/data_ingestion.py
      hash: md5
      md5: a67bfdecae0af395b5015b0df3bc2211
      size: 3395
    params:
      params.yaml:
        data_ingestion.test_size: 0.2
    outs:
    - path: data/raw
      hash: md5
      md5: 04a4aefc973742ec08bf2a024194608b.dir
      size: 634167
      nfiles: 2
  data_preprocessing:
    cmd: python src/data/data_preprocessing.py
    deps:
    - path: data/raw
      hash: md5
      md5: 04a4aefc973742ec08bf2a024194608b.dir
      size: 634167
      nfiles: 2
    - path: src/data/data_preprocessing.py
      hash: md5
      md5: a0d0986f1695b3e851d0f37dad4451b8
      size: 2909
    outs:
    - path: data/interim
      hash: md5
      md5: bad6861b94e084b3ef431ce6be3703a0.dir
      size: 391330
      nfiles: 2
  feature_engineering:
    cmd: python src/features/feature_engineering.py
    deps:
    - path: data/interim
      hash: md5
      md5: bad6861b94e084b3ef431ce6be3703a0.dir
      size: 391330
      nfiles: 2
    - path: src/features/feature_engineering.py
      hash: md5
      md5: cfaf71fa8bd1fae8af5abc3cbbe3387b
      size: 3447
    params:
      params.yaml:
        feature_engineering.max_features: 50
    outs:
    - path: data/processed
      hash: md5
      md5: 045fb155d0f54e994df06da24d07ebd8.dir
      size: 51890
      nfiles: 2
    - path: models/vectorizer.pkl
      hash: md5
      md5: c21c8fa1d37a76df6f017ccc267c8321
      size: 1862
  model_building:
    cmd: python src/model/model_building.py
    deps:
    - path: data/processed
      hash: md5
      md5: 045fb155d0f54e994df06da24d07ebd8.dir
      size: 51890
      nfiles: 2
    - path: src/model/model_building.py
      hash: md5
      md5: 0147f56dbbab9cf1065b67f3cf72e473
      size: 1859
    outs:
    - path: models/model.pkl
      hash: md5
      md5: 9b13aae4f190658cc1fb4585eae9eaee
      size: 1115
  model_evaluation:
    cmd: python src/model/model_evaluation.py
    deps:
    - path: models/model.pkl
      hash: md5
      md5: 9b13aae4f190658cc1fb4585eae9eaee
      size: 1115
    - path: src/model/model_evaluation.py
      hash: md5
      md5: 6e0e533867503b79334234ced8963c8f
      size: 6414
    outs:
    - path: reports/experiment_info.json
      hash: md5
      md5: 8b1f125fe48ecdffa651666054812bae
      size: 82
    - path: reports/metrics.json
      hash: md5
      md5: f038e9b3405ec64e27f021593181471e
      size: 105
  model_registration:
    cmd: python src/model/register_model.py
    deps:
    - path: reports/experiment_info.json
      hash: md5
      md5: 8b1f125fe48ecdffa651666054812bae
      size: 82
    - path: src/model/register_model.py
      hash: md5
      md5: aa840212aa4054b887b961be91c03fed
      size: 3839
