schema: '2.0'
stages:
  data_ingestion:
    cmd: python src/data/data_ingestion.py
    deps:
    - path: src/data/data_ingestion.py
      hash: md5
      md5: 4df0e1f4c08cc04577d84d1f6ec58c3c
      size: 3391
    params:
      params.yaml:
        data_ingestion.test_size: 0.2
    outs:
    - path: data/raw
      hash: md5
      md5: 04a4aefc973742ec08bf2a024194608b.dir
      size: 634167
      nfiles: 2
  data_preprocessing:
    cmd: python src/data/data_preprocessing.py
    deps:
    - path: data/raw
      hash: md5
      md5: 04a4aefc973742ec08bf2a024194608b.dir
      size: 634167
      nfiles: 2
    - path: src/data/data_preprocessing.py
      hash: md5
      md5: d044fd81af503b831d73a4123deac5e3
      size: 2697
    outs:
    - path: data/interim
      hash: md5
      md5: 1333ba50c86c3f648552900bf7f0db37.dir
      size: 391330
      nfiles: 2
  feature_engineering:
    cmd: python src/features/feature_engineering.py
    deps:
    - path: data/interim
      hash: md5
      md5: 1333ba50c86c3f648552900bf7f0db37.dir
      size: 391330
      nfiles: 2
    - path: src/features/feature_engineering.py
      hash: md5
      md5: e9e9b4490ab2d609f073e8fe1f3c1311
      size: 3338
    params:
      params.yaml:
        feature_engineering.max_features: 1000
    outs:
    - path: data/processed
      hash: md5
      md5: ac48dbd5a2c70a6be68fc3eb202fcb34.dir
      size: 2445659
      nfiles: 2
    - path: models/vectorizer.pkl
      hash: md5
      md5: 3c48869746130c2e1aa161a534d0b247
      size: 36666
  model_building:
    cmd: python src/model/model_building.py
    deps:
    - path: data/processed
      hash: md5
      md5: ac48dbd5a2c70a6be68fc3eb202fcb34.dir
      size: 2445659
      nfiles: 2
    - path: src/model/model_building.py
      hash: md5
      md5: 766a071f236e14c3440cfc252daf17c4
      size: 2013
    outs:
    - path: models/model.pkl
      hash: md5
      md5: 90a335a2260a4e7035b3f2e8602f2b13
      size: 14715
  model_evaluation:
    cmd: python src/model/model_evaluation.py
    deps:
    - path: models/model.pkl
      hash: md5
      md5: 90a335a2260a4e7035b3f2e8602f2b13
      size: 14715
    - path: src/model/model_evaluation.py
      hash: md5
      md5: 0511cfb5c0dcca30f63fe0e9f5f47dc5
      size: 6770
    outs:
    - path: reports/experiment_info.json
      hash: md5
      md5: 9b0248f91d6acc604a0d061c5971ed7f
      size: 82
    - path: reports/metrics.json
      hash: md5
      md5: 4f3a4d72dab5044ce0d6c01fa29213a9
      size: 158
  model_registration:
    cmd: python src/model/register_model.py
    deps:
    - path: reports/experiment_info.json
      hash: md5
      md5: 9b0248f91d6acc604a0d061c5971ed7f
      size: 82
    - path: src/model/register_model.py
      hash: md5
      md5: 6f136773be6b3962bbecaf555d1f49b4
      size: 4132
